
Microsoft Visual Studio Solution File, Format Version 12.00
# Visual Studio Version 17
VisualStudioVersion = 17.3.32825.248
MinimumVisualStudioVersion = 10.0.40219.1
Project("{FAE04EC0-301F-11D3-BF4B-00C04F79EFBC}") = "L03T25", "L03T25.csproj", "{E70C626F-C0EC-4AD7-84B3-45AD60E6C360}"
EndProject
Global
	GlobalSection(SolutionConfigurationPlatforms) = preSolution
		Debug|Any CPU = Debug|Any CPU
		Release|Any CPU = Release|Any CPU
	EndGlobalSection
	GlobalSection(ProjectConfigurationPlatforms) = postSolution
		{E70C626F-C0EC-4AD7-84B3-45AD60E6C360}.Debug|Any CPU.ActiveCfg = Debug|Any CPU
		{E70C626F-C0EC-4AD7-84B3-45AD60E6C360}.Debug|Any CPU.Build.0 = Debug|Any CPU
		{E70C626F-C0EC-4AD7-84B3-45AD60E6C360}.Release|Any CPU.ActiveCfg = Release|Any CPU
		{E70C626F-C0EC-4AD7-84B3-45AD60E6C360}.Release|Any CPU.Build.0 = Release|Any CPU
	EndGlobalSection
	GlobalSection(SolutionProperties) = preSolution
		HideSolutionNode = FALSE
	EndGlobalSection
	GlobalSection(ExtensibilityGlobals) = postSolution
		SolutionGuid = {246C030A-7135-4E73-B1A7-5AEB519BF4AA}
	EndGlobalSection
EndGlobal
