
Microsoft Visual Studio Solution File, Format Version 12.00
# Visual Studio Version 17
VisualStudioVersion = 17.3.32804.467
MinimumVisualStudioVersion = 10.0.40219.1
Project("{FAE04EC0-301F-11D3-BF4B-00C04F79EFBC}") = "L01T01", "L01T01.csproj", "{682AB13E-CC4C-402B-855A-C642740AEADD}"
EndProject
Global
	GlobalSection(SolutionConfigurationPlatforms) = preSolution
		Debug|Any CPU = Debug|Any CPU
		Release|Any CPU = Release|Any CPU
	EndGlobalSection
	GlobalSection(ProjectConfigurationPlatforms) = postSolution
		{682AB13E-CC4C-402B-855A-C642740AEADD}.Debug|Any CPU.ActiveCfg = Debug|Any CPU
		{682AB13E-CC4C-402B-855A-C642740AEADD}.Debug|Any CPU.Build.0 = Debug|Any CPU
		{682AB13E-CC4C-402B-855A-C642740AEADD}.Release|Any CPU.ActiveCfg = Release|Any CPU
		{682AB13E-CC4C-402B-855A-C642740AEADD}.Release|Any CPU.Build.0 = Release|Any CPU
	EndGlobalSection
	GlobalSection(SolutionProperties) = preSolution
		HideSolutionNode = FALSE
	EndGlobalSection
	GlobalSection(ExtensibilityGlobals) = postSolution
		SolutionGuid = {0468052E-F6CA-4339-B341-8E2EF801D850}
	EndGlobalSection
EndGlobal
