
Microsoft Visual Studio Solution File, Format Version 12.00
# Visual Studio Version 17
VisualStudioVersion = 17.3.32825.248
MinimumVisualStudioVersion = 10.0.40219.1
Project("{FAE04EC0-301F-11D3-BF4B-00C04F79EFBC}") = "L02T17", "L02T17.csproj", "{40F7B287-34F0-48C6-A2F0-FD93FB85712D}"
EndProject
Global
	GlobalSection(SolutionConfigurationPlatforms) = preSolution
		Debug|Any CPU = Debug|Any CPU
		Release|Any CPU = Release|Any CPU
	EndGlobalSection
	GlobalSection(ProjectConfigurationPlatforms) = postSolution
		{40F7B287-34F0-48C6-A2F0-FD93FB85712D}.Debug|Any CPU.ActiveCfg = Debug|Any CPU
		{40F7B287-34F0-48C6-A2F0-FD93FB85712D}.Debug|Any CPU.Build.0 = Debug|Any CPU
		{40F7B287-34F0-48C6-A2F0-FD93FB85712D}.Release|Any CPU.ActiveCfg = Release|Any CPU
		{40F7B287-34F0-48C6-A2F0-FD93FB85712D}.Release|Any CPU.Build.0 = Release|Any CPU
	EndGlobalSection
	GlobalSection(SolutionProperties) = preSolution
		HideSolutionNode = FALSE
	EndGlobalSection
	GlobalSection(ExtensibilityGlobals) = postSolution
		SolutionGuid = {56AA885C-874F-4761-9DCF-B9549329353C}
	EndGlobalSection
EndGlobal
