
Microsoft Visual Studio Solution File, Format Version 12.00
# Visual Studio Version 17
VisualStudioVersion = 17.3.32825.248
MinimumVisualStudioVersion = 10.0.40219.1
Project("{FAE04EC0-301F-11D3-BF4B-00C04F79EFBC}") = "L03T27", "L03T27.csproj", "{55759BAE-1CE8-4F92-9667-8274F73F6E07}"
EndProject
Global
	GlobalSection(SolutionConfigurationPlatforms) = preSolution
		Debug|Any CPU = Debug|Any CPU
		Release|Any CPU = Release|Any CPU
	EndGlobalSection
	GlobalSection(ProjectConfigurationPlatforms) = postSolution
		{55759BAE-1CE8-4F92-9667-8274F73F6E07}.Debug|Any CPU.ActiveCfg = Debug|Any CPU
		{55759BAE-1CE8-4F92-9667-8274F73F6E07}.Debug|Any CPU.Build.0 = Debug|Any CPU
		{55759BAE-1CE8-4F92-9667-8274F73F6E07}.Release|Any CPU.ActiveCfg = Release|Any CPU
		{55759BAE-1CE8-4F92-9667-8274F73F6E07}.Release|Any CPU.Build.0 = Release|Any CPU
	EndGlobalSection
	GlobalSection(SolutionProperties) = preSolution
		HideSolutionNode = FALSE
	EndGlobalSection
	GlobalSection(ExtensibilityGlobals) = postSolution
		SolutionGuid = {E56AF111-1137-4D00-89BE-EE44DAED06D5}
	EndGlobalSection
EndGlobal
