
Microsoft Visual Studio Solution File, Format Version 12.00
# Visual Studio Version 17
VisualStudioVersion = 17.3.32825.248
MinimumVisualStudioVersion = 10.0.40219.1
Project("{FAE04EC0-301F-11D3-BF4B-00C04F79EFBC}") = "L04T32", "L04T32.csproj", "{7E59BE6B-6BBD-4A55-9191-327B7C65EEF2}"
EndProject
Global
	GlobalSection(SolutionConfigurationPlatforms) = preSolution
		Debug|Any CPU = Debug|Any CPU
		Release|Any CPU = Release|Any CPU
	EndGlobalSection
	GlobalSection(ProjectConfigurationPlatforms) = postSolution
		{7E59BE6B-6BBD-4A55-9191-327B7C65EEF2}.Debug|Any CPU.ActiveCfg = Debug|Any CPU
		{7E59BE6B-6BBD-4A55-9191-327B7C65EEF2}.Debug|Any CPU.Build.0 = Debug|Any CPU
		{7E59BE6B-6BBD-4A55-9191-327B7C65EEF2}.Release|Any CPU.ActiveCfg = Release|Any CPU
		{7E59BE6B-6BBD-4A55-9191-327B7C65EEF2}.Release|Any CPU.Build.0 = Release|Any CPU
	EndGlobalSection
	GlobalSection(SolutionProperties) = preSolution
		HideSolutionNode = FALSE
	EndGlobalSection
	GlobalSection(ExtensibilityGlobals) = postSolution
		SolutionGuid = {57C0247B-3758-479F-83FF-1CEFADA257CF}
	EndGlobalSection
EndGlobal
