
Microsoft Visual Studio Solution File, Format Version 12.00
# Visual Studio Version 17
VisualStudioVersion = 17.3.32825.248
MinimumVisualStudioVersion = 10.0.40219.1
Project("{FAE04EC0-301F-11D3-BF4B-00C04F79EFBC}") = "L01T09", "L01T09.csproj", "{562DAB03-1060-4EF8-BD3B-3BFA7E679DD0}"
EndProject
Global
	GlobalSection(SolutionConfigurationPlatforms) = preSolution
		Debug|Any CPU = Debug|Any CPU
		Release|Any CPU = Release|Any CPU
	EndGlobalSection
	GlobalSection(ProjectConfigurationPlatforms) = postSolution
		{562DAB03-1060-4EF8-BD3B-3BFA7E679DD0}.Debug|Any CPU.ActiveCfg = Debug|Any CPU
		{562DAB03-1060-4EF8-BD3B-3BFA7E679DD0}.Debug|Any CPU.Build.0 = Debug|Any CPU
		{562DAB03-1060-4EF8-BD3B-3BFA7E679DD0}.Release|Any CPU.ActiveCfg = Release|Any CPU
		{562DAB03-1060-4EF8-BD3B-3BFA7E679DD0}.Release|Any CPU.Build.0 = Release|Any CPU
	EndGlobalSection
	GlobalSection(SolutionProperties) = preSolution
		HideSolutionNode = FALSE
	EndGlobalSection
	GlobalSection(ExtensibilityGlobals) = postSolution
		SolutionGuid = {C94E553B-F5AB-4422-BB7B-2505034CF6E8}
	EndGlobalSection
EndGlobal
